
Microsoft Visual Studio Solution File, Format Version 12.00
# Visual Studio Version 17
VisualStudioVersion = 17.10.35004.147
MinimumVisualStudioVersion = 10.0.40219.1
Project("{FAE04EC0-301F-11D3-BF4B-00C04F79EFBC}") = "GestaoEventos", "GestaoEventos\GestaoEventos.csproj", "{1ECCB66F-2649-443A-97EE-470B14607114}"
EndProject
Global
	GlobalSection(SolutionConfigurationPlatforms) = preSolution
		Debug|Any CPU = Debug|Any CPU
		Release|Any CPU = Release|Any CPU
	EndGlobalSection
	GlobalSection(ProjectConfigurationPlatforms) = postSolution
		{1ECCB66F-2649-443A-97EE-470B14607114}.Debug|Any CPU.ActiveCfg = Debug|Any CPU
		{1ECCB66F-2649-443A-97EE-470B14607114}.Debug|Any CPU.Build.0 = Debug|Any CPU
		{1ECCB66F-2649-443A-97EE-470B14607114}.Release|Any CPU.ActiveCfg = Release|Any CPU
		{1ECCB66F-2649-443A-97EE-470B14607114}.Release|Any CPU.Build.0 = Release|Any CPU
	EndGlobalSection
	GlobalSection(SolutionProperties) = preSolution
		HideSolutionNode = FALSE
	EndGlobalSection
	GlobalSection(ExtensibilityGlobals) = postSolution
		SolutionGuid = {8D56FD1A-7826-4D08-B106-8B9F3EA99F0A}
	EndGlobalSection
EndGlobal
